// !$*UTF8*$!
{
	archiveVersion = 1;
	classes = {
	};
	objectVersion = 46;
	objects = {

/* Begin PBXBuildFile section */
		ED6605741437CF31003881DA /* UIKit.framework in Frameworks */ = {isa = PBXBuildFile; fileRef = ED6605731437CF31003881DA /* UIKit.framework */; };
		ED6605761437CF31003881DA /* Foundation.framework in Frameworks */ = {isa = PBXBuildFile; fileRef = ED6605751437CF31003881DA /* Foundation.framework */; };
		ED6605781437CF31003881DA /* CoreGraphics.framework in Frameworks */ = {isa = PBXBuildFile; fileRef = ED6605771437CF31003881DA /* CoreGraphics.framework */; };
		ED66057E1437CF31003881DA /* InfoPlist.strings in Resources */ = {isa = PBXBuildFile; fileRef = ED66057C1437CF31003881DA /* InfoPlist.strings */; };
		ED6605801437CF31003881DA /* main.m in Sources */ = {isa = PBXBuildFile; fileRef = ED66057F1437CF31003881DA /* main.m */; };
		ED6605B01437D6B7003881DA /* C4iOSAppDelegate.m in Sources */ = {isa = PBXBuildFile; fileRef = ED66059B1437D6B7003881DA /* C4iOSAppDelegate.m */; };
		ED6605B11437D6B7003881DA /* C4Layer.m in Sources */ = {isa = PBXBuildFile; fileRef = ED66059E1437D6B7003881DA /* C4Layer.m */; };
		ED6605B21437D6B7003881DA /* C4Window.m in Sources */ = {isa = PBXBuildFile; fileRef = ED6605A01437D6B7003881DA /* C4Window.m */; };
		ED6605B31437D6B7003881DA /* C4Foundation.m in Sources */ = {isa = PBXBuildFile; fileRef = ED6605A21437D6B7003881DA /* C4Foundation.m */; };
		ED6605B41437D6B7003881DA /* C4Canvas.m in Sources */ = {isa = PBXBuildFile; fileRef = ED6605A41437D6B7003881DA /* C4Canvas.m */; };
		ED6605B51437D6B7003881DA /* C4CanvasController.m in Sources */ = {isa = PBXBuildFile; fileRef = ED6605A61437D6B7003881DA /* C4CanvasController.m */; };
		ED6605B61437D6B7003881DA /* C4Shape.m in Sources */ = {isa = PBXBuildFile; fileRef = ED6605A81437D6B7003881DA /* C4Shape.m */; };
		ED6605B71437D6B7003881DA /* C4GlobalShapeAttributes.m in Sources */ = {isa = PBXBuildFile; fileRef = ED6605AA1437D6B7003881DA /* C4GlobalShapeAttributes.m */; };
		ED6605B81437D6B7003881DA /* C4Color.m in Sources */ = {isa = PBXBuildFile; fileRef = ED6605AC1437D6B7003881DA /* C4Color.m */; };
		ED6605B91437D6B7003881DA /* C4Object.m in Sources */ = {isa = PBXBuildFile; fileRef = ED6605AE1437D6B7003881DA /* C4Object.m */; };
		ED6605BA1437D6B7003881DA /* MainWindow.xib in Resources */ = {isa = PBXBuildFile; fileRef = ED6605AF1437D6B7003881DA /* MainWindow.xib */; };
		ED6605BC1437D743003881DA /* QuartzCore.framework in Frameworks */ = {isa = PBXBuildFile; fileRef = ED6605BB1437D743003881DA /* QuartzCore.framework */; };
/* End PBXBuildFile section */

/* Begin PBXFileReference section */
		ED66056F1437CF31003881DA /* C4iOSDevelopment.app */ = {isa = PBXFileReference; explicitFileType = wrapper.application; includeInIndex = 0; path = C4iOSDevelopment.app; sourceTree = BUILT_PRODUCTS_DIR; };
		ED6605731437CF31003881DA /* UIKit.framework */ = {isa = PBXFileReference; lastKnownFileType = wrapper.framework; name = UIKit.framework; path = System/Library/Frameworks/UIKit.framework; sourceTree = SDKROOT; };
		ED6605751437CF31003881DA /* Foundation.framework */ = {isa = PBXFileReference; lastKnownFileType = wrapper.framework; name = Foundation.framework; path = System/Library/Frameworks/Foundation.framework; sourceTree = SDKROOT; };
		ED6605771437CF31003881DA /* CoreGraphics.framework */ = {isa = PBXFileReference; lastKnownFileType = wrapper.framework; name = CoreGraphics.framework; path = System/Library/Frameworks/CoreGraphics.framework; sourceTree = SDKROOT; };
		ED66057B1437CF31003881DA /* C4iOSDevelopment-Info.plist */ = {isa = PBXFileReference; lastKnownFileType = text.plist.xml; path = "C4iOSDevelopment-Info.plist"; sourceTree = "<group>"; };
		ED66057D1437CF31003881DA /* en */ = {isa = PBXFileReference; lastKnownFileType = text.plist.strings; name = en; path = en.lproj/InfoPlist.strings; sourceTree = "<group>"; };
		ED66057F1437CF31003881DA /* main.m */ = {isa = PBXFileReference; lastKnownFileType = sourcecode.c.objc; path = main.m; sourceTree = "<group>"; };
		ED6605811437CF31003881DA /* C4iOSDevelopment-Prefix.pch */ = {isa = PBXFileReference; lastKnownFileType = sourcecode.c.h; path = "C4iOSDevelopment-Prefix.pch"; sourceTree = "<group>"; };
		ED66059A1437D6B7003881DA /* C4iOSAppDelegate.h */ = {isa = PBXFileReference; fileEncoding = 4; lastKnownFileType = sourcecode.c.h; path = C4iOSAppDelegate.h; sourceTree = "<group>"; };
		ED66059B1437D6B7003881DA /* C4iOSAppDelegate.m */ = {isa = PBXFileReference; fileEncoding = 4; lastKnownFileType = sourcecode.c.objc; path = C4iOSAppDelegate.m; sourceTree = "<group>"; };
		ED66059C1437D6B7003881DA /* C4Defines.h */ = {isa = PBXFileReference; fileEncoding = 4; lastKnownFileType = sourcecode.c.h; path = C4Defines.h; sourceTree = "<group>"; };
		ED66059D1437D6B7003881DA /* C4Layer.h */ = {isa = PBXFileReference; fileEncoding = 4; lastKnownFileType = sourcecode.c.h; path = C4Layer.h; sourceTree = "<group>"; };
		ED66059E1437D6B7003881DA /* C4Layer.m */ = {isa = PBXFileReference; fileEncoding = 4; lastKnownFileType = sourcecode.c.objc; path = C4Layer.m; sourceTree = "<group>"; };
		ED66059F1437D6B7003881DA /* C4Window.h */ = {isa = PBXFileReference; fileEncoding = 4; lastKnownFileType = sourcecode.c.h; path = C4Window.h; sourceTree = "<group>"; };
		ED6605A01437D6B7003881DA /* C4Window.m */ = {isa = PBXFileReference; fileEncoding = 4; lastKnownFileType = sourcecode.c.objc; path = C4Window.m; sourceTree = "<group>"; };
		ED6605A11437D6B7003881DA /* C4Foundation.h */ = {isa = PBXFileReference; fileEncoding = 4; lastKnownFileType = sourcecode.c.h; path = C4Foundation.h; sourceTree = "<group>"; };
		ED6605A21437D6B7003881DA /* C4Foundation.m */ = {isa = PBXFileReference; fileEncoding = 4; lastKnownFileType = sourcecode.c.objc; path = C4Foundation.m; sourceTree = "<group>"; };
		ED6605A31437D6B7003881DA /* C4Canvas.h */ = {isa = PBXFileReference; fileEncoding = 4; lastKnownFileType = sourcecode.c.h; path = C4Canvas.h; sourceTree = "<group>"; };
		ED6605A41437D6B7003881DA /* C4Canvas.m */ = {isa = PBXFileReference; fileEncoding = 4; lastKnownFileType = sourcecode.c.objc; path = C4Canvas.m; sourceTree = "<group>"; };
		ED6605A51437D6B7003881DA /* C4CanvasController.h */ = {isa = PBXFileReference; fileEncoding = 4; lastKnownFileType = sourcecode.c.h; path = C4CanvasController.h; sourceTree = "<group>"; };
		ED6605A61437D6B7003881DA /* C4CanvasController.m */ = {isa = PBXFileReference; fileEncoding = 4; lastKnownFileType = sourcecode.c.objc; path = C4CanvasController.m; sourceTree = "<group>"; };
		ED6605A71437D6B7003881DA /* C4Shape.h */ = {isa = PBXFileReference; fileEncoding = 4; lastKnownFileType = sourcecode.c.h; path = C4Shape.h; sourceTree = "<group>"; };
		ED6605A81437D6B7003881DA /* C4Shape.m */ = {isa = PBXFileReference; fileEncoding = 4; lastKnownFileType = sourcecode.c.objc; path = C4Shape.m; sourceTree = "<group>"; };
		ED6605A91437D6B7003881DA /* C4GlobalShapeAttributes.h */ = {isa = PBXFileReference; fileEncoding = 4; lastKnownFileType = sourcecode.c.h; path = C4GlobalShapeAttributes.h; sourceTree = "<group>"; };
		ED6605AA1437D6B7003881DA /* C4GlobalShapeAttributes.m */ = {isa = PBXFileReference; fileEncoding = 4; lastKnownFileType = sourcecode.c.objc; path = C4GlobalShapeAttributes.m; sourceTree = "<group>"; };
		ED6605AB1437D6B7003881DA /* C4Color.h */ = {isa = PBXFileReference; fileEncoding = 4; lastKnownFileType = sourcecode.c.h; path = C4Color.h; sourceTree = "<group>"; };
		ED6605AC1437D6B7003881DA /* C4Color.m */ = {isa = PBXFileReference; fileEncoding = 4; lastKnownFileType = sourcecode.c.objc; path = C4Color.m; sourceTree = "<group>"; };
		ED6605AD1437D6B7003881DA /* C4Object.h */ = {isa = PBXFileReference; fileEncoding = 4; lastKnownFileType = sourcecode.c.h; path = C4Object.h; sourceTree = "<group>"; };
		ED6605AE1437D6B7003881DA /* C4Object.m */ = {isa = PBXFileReference; fileEncoding = 4; lastKnownFileType = sourcecode.c.objc; path = C4Object.m; sourceTree = "<group>"; };
		ED6605AF1437D6B7003881DA /* MainWindow.xib */ = {isa = PBXFileReference; fileEncoding = 4; lastKnownFileType = file.xib; path = MainWindow.xib; sourceTree = "<group>"; };
		ED6605BB1437D743003881DA /* QuartzCore.framework */ = {isa = PBXFileReference; lastKnownFileType = wrapper.framework; name = QuartzCore.framework; path = System/Library/Frameworks/QuartzCore.framework; sourceTree = SDKROOT; };
/* End PBXFileReference section */

/* Begin PBXFrameworksBuildPhase section */
		ED66056C1437CF31003881DA /* Frameworks */ = {
			isa = PBXFrameworksBuildPhase;
			buildActionMask = 2147483647;
			files = (
				ED6605BC1437D743003881DA /* QuartzCore.framework in Frameworks */,
				ED6605741437CF31003881DA /* UIKit.framework in Frameworks */,
				ED6605761437CF31003881DA /* Foundation.framework in Frameworks */,
				ED6605781437CF31003881DA /* CoreGraphics.framework in Frameworks */,
			);
			runOnlyForDeploymentPostprocessing = 0;
		};
/* End PBXFrameworksBuildPhase section */

/* Begin PBXGroup section */
		ED6605641437CF31003881DA = {
			isa = PBXGroup;
			children = (
				ED6605791437CF31003881DA /* C4iOSDevelopment */,
				ED6605721437CF31003881DA /* Frameworks */,
				ED6605701437CF31003881DA /* Products */,
			);
			sourceTree = "<group>";
		};
		ED6605701437CF31003881DA /* Products */ = {
			isa = PBXGroup;
			children = (
				ED66056F1437CF31003881DA /* C4iOSDevelopment.app */,
			);
			name = Products;
			sourceTree = "<group>";
		};
		ED6605721437CF31003881DA /* Frameworks */ = {
			isa = PBXGroup;
			children = (
				ED6605731437CF31003881DA /* UIKit.framework */,
				ED6605751437CF31003881DA /* Foundation.framework */,
				ED6605771437CF31003881DA /* CoreGraphics.framework */,
				ED6605BB1437D743003881DA /* QuartzCore.framework */,
			);
			name = Frameworks;
			sourceTree = "<group>";
		};
		ED6605791437CF31003881DA /* C4iOSDevelopment */ = {
			isa = PBXGroup;
			children = (
				ED66059A1437D6B7003881DA /* C4iOSAppDelegate.h */,
				ED66059B1437D6B7003881DA /* C4iOSAppDelegate.m */,
				ED66059C1437D6B7003881DA /* C4Defines.h */,
				ED66059D1437D6B7003881DA /* C4Layer.h */,
				ED66059E1437D6B7003881DA /* C4Layer.m */,
				ED66059F1437D6B7003881DA /* C4Window.h */,
				ED6605A01437D6B7003881DA /* C4Window.m */,
				ED6605A11437D6B7003881DA /* C4Foundation.h */,
				ED6605A21437D6B7003881DA /* C4Foundation.m */,
				ED6605A31437D6B7003881DA /* C4Canvas.h */,
				ED6605A41437D6B7003881DA /* C4Canvas.m */,
				ED6605A51437D6B7003881DA /* C4CanvasController.h */,
				ED6605A61437D6B7003881DA /* C4CanvasController.m */,
				ED6605A71437D6B7003881DA /* C4Shape.h */,
				ED6605A81437D6B7003881DA /* C4Shape.m */,
				ED6605A91437D6B7003881DA /* C4GlobalShapeAttributes.h */,
				ED6605AA1437D6B7003881DA /* C4GlobalShapeAttributes.m */,
				ED6605AB1437D6B7003881DA /* C4Color.h */,
				ED6605AC1437D6B7003881DA /* C4Color.m */,
				ED6605AD1437D6B7003881DA /* C4Object.h */,
				ED6605AE1437D6B7003881DA /* C4Object.m */,
				ED6605AF1437D6B7003881DA /* MainWindow.xib */,
				ED66057A1437CF31003881DA /* Supporting Files */,
			);
			path = C4iOSDevelopment;
			sourceTree = "<group>";
		};
		ED66057A1437CF31003881DA /* Supporting Files */ = {
			isa = PBXGroup;
			children = (
				ED66057B1437CF31003881DA /* C4iOSDevelopment-Info.plist */,
				ED66057C1437CF31003881DA /* InfoPlist.strings */,
				ED66057F1437CF31003881DA /* main.m */,
				ED6605811437CF31003881DA /* C4iOSDevelopment-Prefix.pch */,
			);
			name = "Supporting Files";
			sourceTree = "<group>";
		};
/* End PBXGroup section */

/* Begin PBXNativeTarget section */
		ED66056E1437CF31003881DA /* C4iOSDevelopment */ = {
			isa = PBXNativeTarget;
			buildConfigurationList = ED66058D1437CF31003881DA /* Build configuration list for PBXNativeTarget "C4iOSDevelopment" */;
			buildPhases = (
				ED66056B1437CF31003881DA /* Sources */,
				ED66056C1437CF31003881DA /* Frameworks */,
				ED66056D1437CF31003881DA /* Resources */,
			);
			buildRules = (
			);
			dependencies = (
			);
			name = C4iOSDevelopment;
			productName = C4iOSDevelopment;
			productReference = ED66056F1437CF31003881DA /* C4iOSDevelopment.app */;
			productType = "com.apple.product-type.application";
		};
/* End PBXNativeTarget section */

/* Begin PBXProject section */
		ED6605661437CF31003881DA /* Project object */ = {
			isa = PBXProject;
			attributes = {
				LastUpgradeCheck = 0420;
				ORGANIZATIONNAME = mediart;
			};
			buildConfigurationList = ED6605691437CF31003881DA /* Build configuration list for PBXProject "C4iOSDevelopment" */;
			compatibilityVersion = "Xcode 3.2";
			developmentRegion = English;
			hasScannedForEncodings = 0;
			knownRegions = (
				en,
			);
			mainGroup = ED6605641437CF31003881DA;
			productRefGroup = ED6605701437CF31003881DA /* Products */;
			projectDirPath = "";
			projectRoot = "";
			targets = (
				ED66056E1437CF31003881DA /* C4iOSDevelopment */,
			);
		};
/* End PBXProject section */

/* Begin PBXResourcesBuildPhase section */
		ED66056D1437CF31003881DA /* Resources */ = {
			isa = PBXResourcesBuildPhase;
			buildActionMask = 2147483647;
			files = (
				ED66057E1437CF31003881DA /* InfoPlist.strings in Resources */,
				ED6605BA1437D6B7003881DA /* MainWindow.xib in Resources */,
			);
			runOnlyForDeploymentPostprocessing = 0;
		};
/* End PBXResourcesBuildPhase section */

/* Begin PBXSourcesBuildPhase section */
		ED66056B1437CF31003881DA /* Sources */ = {
			isa = PBXSourcesBuildPhase;
			buildActionMask = 2147483647;
			files = (
				ED6605801437CF31003881DA /* main.m in Sources */,
				ED6605B01437D6B7003881DA /* C4iOSAppDelegate.m in Sources */,
				ED6605B11437D6B7003881DA /* C4Layer.m in Sources */,
				ED6605B21437D6B7003881DA /* C4Window.m in Sources */,
				ED6605B31437D6B7003881DA /* C4Foundation.m in Sources */,
				ED6605B41437D6B7003881DA /* C4Canvas.m in Sources */,
				ED6605B51437D6B7003881DA /* C4CanvasController.m in Sources */,
				ED6605B61437D6B7003881DA /* C4Shape.m in Sources */,
				ED6605B71437D6B7003881DA /* C4GlobalShapeAttributes.m in Sources */,
				ED6605B81437D6B7003881DA /* C4Color.m in Sources */,
				ED6605B91437D6B7003881DA /* C4Object.m in Sources */,
			);
			runOnlyForDeploymentPostprocessing = 0;
		};
/* End PBXSourcesBuildPhase section */

/* Begin PBXVariantGroup section */
		ED66057C1437CF31003881DA /* InfoPlist.strings */ = {
			isa = PBXVariantGroup;
			children = (
				ED66057D1437CF31003881DA /* en */,
			);
			name = InfoPlist.strings;
			sourceTree = "<group>";
		};
/* End PBXVariantGroup section */

/* Begin XCBuildConfiguration section */
		ED66058B1437CF31003881DA /* Debug */ = {
			isa = XCBuildConfiguration;
			buildSettings = {
				ALWAYS_SEARCH_USER_PATHS = NO;
				ARCHS = "$(ARCHS_STANDARD_32_BIT)";
				CLANG_ENABLE_OBJC_ARC = YES;
				"CODE_SIGN_IDENTITY[sdk=iphoneos*]" = "iPhone Developer";
				COPY_PHASE_STRIP = NO;
				GCC_C_LANGUAGE_STANDARD = gnu99;
				GCC_DYNAMIC_NO_PIC = NO;
				GCC_OPTIMIZATION_LEVEL = 0;
				GCC_PREPROCESSOR_DEFINITIONS = (
					"DEBUG=1",
					"$(inherited)",
				);
				GCC_SYMBOLS_PRIVATE_EXTERN = NO;
				GCC_VERSION = com.apple.compilers.llvm.clang.1_0;
				GCC_WARN_ABOUT_MISSING_PROTOTYPES = YES;
				GCC_WARN_ABOUT_RETURN_TYPE = YES;
				GCC_WARN_UNUSED_VARIABLE = YES;
				IPHONEOS_DEPLOYMENT_TARGET = 5.0;
				SDKROOT = iphoneos;
				TARGETED_DEVICE_FAMILY = 2;
			};
			name = Debug;
		};
		ED66058C1437CF31003881DA /* Release */ = {
			isa = XCBuildConfiguration;
			buildSettings = {
				ALWAYS_SEARCH_USER_PATHS = NO;
				ARCHS = "$(ARCHS_STANDARD_32_BIT)";
				CLANG_ENABLE_OBJC_ARC = YES;
				"CODE_SIGN_IDENTITY[sdk=iphoneos*]" = "iPhone Developer";
				COPY_PHASE_STRIP = YES;
				GCC_C_LANGUAGE_STANDARD = gnu99;
				GCC_VERSION = com.apple.compilers.llvm.clang.1_0;
				GCC_WARN_ABOUT_MISSING_PROTOTYPES = YES;
				GCC_WARN_ABOUT_RETURN_TYPE = YES;
				GCC_WARN_UNUSED_VARIABLE = YES;
				IPHONEOS_DEPLOYMENT_TARGET = 5.0;
				OTHER_CFLAGS = "-DNS_BLOCK_ASSERTIONS=1";
				SDKROOT = iphoneos;
				TARGETED_DEVICE_FAMILY = 2;
				VALIDATE_PRODUCT = YES;
			};
			name = Release;
		};
		ED66058E1437CF31003881DA /* Debug */ = {
			isa = XCBuildConfiguration;
			buildSettings = {
				GCC_PRECOMPILE_PREFIX_HEADER = YES;
				GCC_PREFIX_HEADER = "C4iOSDevelopment/C4iOSDevelopment-Prefix.pch";
				INFOPLIST_FILE = "C4iOSDevelopment/C4iOSDevelopment-Info.plist";
				PRODUCT_NAME = "$(TARGET_NAME)";
				WRAPPER_EXTENSION = app;
			};
			name = Debug;
		};
		ED66058F1437CF31003881DA /* Release */ = {
			isa = XCBuildConfiguration;
			buildSettings = {
				GCC_PRECOMPILE_PREFIX_HEADER = YES;
				GCC_PREFIX_HEADER = "C4iOSDevelopment/C4iOSDevelopment-Prefix.pch";
				INFOPLIST_FILE = "C4iOSDevelopment/C4iOSDevelopment-Info.plist";
				PRODUCT_NAME = "$(TARGET_NAME)";
				WRAPPER_EXTENSION = app;
			};
			name = Release;
		};
/* End XCBuildConfiguration section */

/* Begin XCConfigurationList section */
		ED6605691437CF31003881DA /* Build configuration list for PBXProject "C4iOSDevelopment" */ = {
			isa = XCConfigurationList;
			buildConfigurations = (
				ED66058B1437CF31003881DA /* Debug */,
				ED66058C1437CF31003881DA /* Release */,
			);
			defaultConfigurationIsVisible = 0;
			defaultConfigurationName = Release;
		};
		ED66058D1437CF31003881DA /* Build configuration list for PBXNativeTarget "C4iOSDevelopment" */ = {
			isa = XCConfigurationList;
			buildConfigurations = (
				ED66058E1437CF31003881DA /* Debug */,
				ED66058F1437CF31003881DA /* Release */,
			);
			defaultConfigurationIsVisible = 0;
			defaultConfigurationName = Release;
		};
/* End XCConfigurationList section */
	};
	rootObject = ED6605661437CF31003881DA /* Project object */;
}
