// !$*UTF8*$!
{
	archiveVersion = 1;
	classes = {
	};
	objectVersion = 46;
	objects = {

/* Begin PBXBuildFile section */
		ED21FEA51441538300A7ED16 /* UITouch+C4Touch.m in Sources */ = {isa = PBXBuildFile; fileRef = ED21FEA41441538300A7ED16 /* UITouch+C4Touch.m */; };
		ED2516EE14439265005D5A7D /* C4TextLayer.m in Sources */ = {isa = PBXBuildFile; fileRef = ED2516ED14439265005D5A7D /* C4TextLayer.m */; };
		ED2517011443D68D005D5A7D /* C4LogoiPad-Landscape.png in Resources */ = {isa = PBXBuildFile; fileRef = ED2516FF1443D68C005D5A7D /* C4LogoiPad-Landscape.png */; };
		ED2517021443D68D005D5A7D /* C4LogoiPad-Portrait.png in Resources */ = {isa = PBXBuildFile; fileRef = ED2517001443D68D005D5A7D /* C4LogoiPad-Portrait.png */; };
		ED3AF1571443EC74007DB652 /* C4String.m in Sources */ = {isa = PBXBuildFile; fileRef = ED3AF1561443EC74007DB652 /* C4String.m */; };
		ED5E4AC31468B17E0065E77B /* inception.m4v in Resources */ = {isa = PBXBuildFile; fileRef = ED5E4AC21468B17E0065E77B /* inception.m4v */; };
		ED5E4AC61468B3BF0065E77B /* CoreMedia.framework in Frameworks */ = {isa = PBXBuildFile; fileRef = ED5E4AC51468B3BF0065E77B /* CoreMedia.framework */; };
		ED6E43DE1446243C0092B047 /* Accelerate.framework in Frameworks */ = {isa = PBXBuildFile; fileRef = ED6E43DD1446243C0092B047 /* Accelerate.framework */; };
		ED6E43E614464BAE0092B047 /* C4Image.m in Sources */ = {isa = PBXBuildFile; fileRef = ED6E43E514464BAE0092B047 /* C4Image.m */; };
		ED6E43EC1446507B0092B047 /* CoreImage.framework in Frameworks */ = {isa = PBXBuildFile; fileRef = ED6E43EB1446507B0092B047 /* CoreImage.framework */; };
		ED750C3F143F9D6C00D19FEF /* C4Window.m in Sources */ = {isa = PBXBuildFile; fileRef = ED750C3E143F9D6C00D19FEF /* C4Window.m */; };
		ED750C43143F9E1700D19FEF /* C4Layer.m in Sources */ = {isa = PBXBuildFile; fileRef = ED750C42143F9E1700D19FEF /* C4Layer.m */; };
		ED750C45143F9E3900D19FEF /* QuartzCore.framework in Frameworks */ = {isa = PBXBuildFile; fileRef = ED750C44143F9E3900D19FEF /* QuartzCore.framework */; };
		ED750C48143F9E6F00D19FEF /* C4Canvas.m in Sources */ = {isa = PBXBuildFile; fileRef = ED750C47143F9E6F00D19FEF /* C4Canvas.m */; };
		ED750C4C143FA09500D19FEF /* C4Foundation.m in Sources */ = {isa = PBXBuildFile; fileRef = ED750C4B143FA09500D19FEF /* C4Foundation.m */; };
		ED750C4F143FA10700D19FEF /* C4Object.m in Sources */ = {isa = PBXBuildFile; fileRef = ED750C4E143FA10700D19FEF /* C4Object.m */; };
		ED750C52143FA16600D19FEF /* C4Color.m in Sources */ = {isa = PBXBuildFile; fileRef = ED750C51143FA16600D19FEF /* C4Color.m */; };
		ED750C55143FA41100D19FEF /* C4Shape.m in Sources */ = {isa = PBXBuildFile; fileRef = ED750C54143FA41000D19FEF /* C4Shape.m */; };
		ED750C58143FA43100D19FEF /* C4GlobalShapeAttributes.m in Sources */ = {isa = PBXBuildFile; fileRef = ED750C57143FA43100D19FEF /* C4GlobalShapeAttributes.m */; };
		ED7C56C51444B86700B3C090 /* C4Font.m in Sources */ = {isa = PBXBuildFile; fileRef = ED7C56C41444B86700B3C090 /* C4Font.m */; };
		ED7C9B6C144756520047B743 /* C4Math.m in Sources */ = {isa = PBXBuildFile; fileRef = ED7C9B6B144756520047B743 /* C4Math.m */; };
		ED7C9B74144760440047B743 /* C4Vector.m in Sources */ = {isa = PBXBuildFile; fileRef = ED7C9B73144760440047B743 /* C4Vector.m */; };
		ED7C9B7F14476DF00047B743 /* C4Loop.aif in Resources */ = {isa = PBXBuildFile; fileRef = ED7C9B7E14476DF00047B743 /* C4Loop.aif */; };
		ED7C9B8214476E1A0047B743 /* C4Sound.m in Sources */ = {isa = PBXBuildFile; fileRef = ED7C9B8114476E190047B743 /* C4Sound.m */; };
		ED7C9B871447709A0047B743 /* AVFoundation.framework in Frameworks */ = {isa = PBXBuildFile; fileRef = ED7C9B86144770990047B743 /* AVFoundation.framework */; };
		ED7C9B89144770AC0047B743 /* AudioToolbox.framework in Frameworks */ = {isa = PBXBuildFile; fileRef = ED7C9B88144770AC0047B743 /* AudioToolbox.framework */; };
		ED7C9B8F144797670047B743 /* C4AudioPlayer.m in Sources */ = {isa = PBXBuildFile; fileRef = ED7C9B8E144797650047B743 /* C4AudioPlayer.m */; };
		ED9F5B8F143E4ACA00D869B3 /* UIKit.framework in Frameworks */ = {isa = PBXBuildFile; fileRef = ED9F5B8E143E4ACA00D869B3 /* UIKit.framework */; };
		ED9F5B91143E4ACA00D869B3 /* Foundation.framework in Frameworks */ = {isa = PBXBuildFile; fileRef = ED9F5B90143E4ACA00D869B3 /* Foundation.framework */; };
		ED9F5B93143E4ACA00D869B3 /* CoreGraphics.framework in Frameworks */ = {isa = PBXBuildFile; fileRef = ED9F5B92143E4ACA00D869B3 /* CoreGraphics.framework */; };
		ED9F5B99143E4ACA00D869B3 /* InfoPlist.strings in Resources */ = {isa = PBXBuildFile; fileRef = ED9F5B97143E4ACA00D869B3 /* InfoPlist.strings */; };
		ED9F5B9B143E4ACA00D869B3 /* main.m in Sources */ = {isa = PBXBuildFile; fileRef = ED9F5B9A143E4ACA00D869B3 /* main.m */; };
		ED9F5B9F143E4ACA00D869B3 /* C4iOSDevelopmentAppDelegate.m in Sources */ = {isa = PBXBuildFile; fileRef = ED9F5B9E143E4ACA00D869B3 /* C4iOSDevelopmentAppDelegate.m */; };
		ED9F5BA2143E4ACA00D869B3 /* C4CanvasController.m in Sources */ = {isa = PBXBuildFile; fileRef = ED9F5BA1143E4ACA00D869B3 /* C4CanvasController.m */; };
		ED9F5BA5143E4ACA00D869B3 /* C4CanvasController.xib in Resources */ = {isa = PBXBuildFile; fileRef = ED9F5BA3143E4ACA00D869B3 /* C4CanvasController.xib */; };
		ED9F5BC9143E5F7F00D869B3 /* C4LogoiPad-01.png in Resources */ = {isa = PBXBuildFile; fileRef = ED9F5BBF143E5F7F00D869B3 /* C4LogoiPad-01.png */; };
		ED9F5BCA143E5F7F00D869B3 /* C4LogoiPad-02.png in Resources */ = {isa = PBXBuildFile; fileRef = ED9F5BC0143E5F7F00D869B3 /* C4LogoiPad-02.png */; };
		ED9F5BCB143E5F7F00D869B3 /* C4LogoiPad-03.png in Resources */ = {isa = PBXBuildFile; fileRef = ED9F5BC1143E5F7F00D869B3 /* C4LogoiPad-03.png */; };
		ED9F5BCC143E5F7F00D869B3 /* C4LogoiPad-04.png in Resources */ = {isa = PBXBuildFile; fileRef = ED9F5BC2143E5F7F00D869B3 /* C4LogoiPad-04.png */; };
		ED9F5BCD143E5F7F00D869B3 /* C4LogoiPad-05.png in Resources */ = {isa = PBXBuildFile; fileRef = ED9F5BC3143E5F7F00D869B3 /* C4LogoiPad-05.png */; };
		ED9F5BCE143E5F7F00D869B3 /* C4LogoiPad-06.png in Resources */ = {isa = PBXBuildFile; fileRef = ED9F5BC4143E5F7F00D869B3 /* C4LogoiPad-06.png */; };
		ED9F5BCF143E5F7F00D869B3 /* C4LogoiPad-07.png in Resources */ = {isa = PBXBuildFile; fileRef = ED9F5BC5143E5F7F00D869B3 /* C4LogoiPad-07.png */; };
		ED9F5BD0143E5F7F00D869B3 /* C4LogoiPad-08.png in Resources */ = {isa = PBXBuildFile; fileRef = ED9F5BC6143E5F7F00D869B3 /* C4LogoiPad-08.png */; };
		EDA19C551442AC18007C6ACE /* C4GlobalStringAttributes.m in Sources */ = {isa = PBXBuildFile; fileRef = EDA19C541442AC18007C6ACE /* C4GlobalStringAttributes.m */; };
		EDA19C581442ACAA007C6ACE /* C4GlobalTypeAttributes.m in Sources */ = {isa = PBXBuildFile; fileRef = EDA19C571442ACAA007C6ACE /* C4GlobalTypeAttributes.m */; };
		EDA19C5A1442ADB1007C6ACE /* CoreText.framework in Frameworks */ = {isa = PBXBuildFile; fileRef = EDA19C591442ADB1007C6ACE /* CoreText.framework */; };
		EDBB528314683EC700F9711B /* C4DateTime.m in Sources */ = {isa = PBXBuildFile; fileRef = EDBB528214683EC700F9711B /* C4DateTime.m */; };
		EDFAB5181478D87900FAB075 /* C4VideoPlayer.m in Sources */ = {isa = PBXBuildFile; fileRef = EDFAB5171478D87900FAB075 /* C4VideoPlayer.m */; };
		EDFAB51C1478D8CA00FAB075 /* C4VideoPlayerController.m in Sources */ = {isa = PBXBuildFile; fileRef = EDFAB51B1478D8CA00FAB075 /* C4VideoPlayerController.m */; };
		EDFAB51F1478D8E600FAB075 /* C4VideoPlayerView.m in Sources */ = {isa = PBXBuildFile; fileRef = EDFAB51E1478D8E600FAB075 /* C4VideoPlayerView.m */; };
		EDFAB5331479149500FAB075 /* C4Movie.m in Sources */ = {isa = PBXBuildFile; fileRef = EDFAB5321479149500FAB075 /* C4Movie.m */; };
/* End PBXBuildFile section */

/* Begin PBXFileReference section */
		ED1B7B951445F5EF00FA0B2C /* C4Defines.h */ = {isa = PBXFileReference; fileEncoding = 4; lastKnownFileType = sourcecode.c.h; path = C4Defines.h; sourceTree = "<group>"; };
		ED21FEA31441538300A7ED16 /* UITouch+C4Touch.h */ = {isa = PBXFileReference; fileEncoding = 4; lastKnownFileType = sourcecode.c.h; path = "UITouch+C4Touch.h"; sourceTree = "<group>"; };
		ED21FEA41441538300A7ED16 /* UITouch+C4Touch.m */ = {isa = PBXFileReference; fileEncoding = 4; lastKnownFileType = sourcecode.c.objc; path = "UITouch+C4Touch.m"; sourceTree = "<group>"; };
		ED2516EC14439265005D5A7D /* C4TextLayer.h */ = {isa = PBXFileReference; fileEncoding = 4; lastKnownFileType = sourcecode.c.h; path = C4TextLayer.h; sourceTree = "<group>"; };
		ED2516ED14439265005D5A7D /* C4TextLayer.m */ = {isa = PBXFileReference; fileEncoding = 4; lastKnownFileType = sourcecode.c.objc; path = C4TextLayer.m; sourceTree = "<group>"; };
		ED2516FF1443D68C005D5A7D /* C4LogoiPad-Landscape.png */ = {isa = PBXFileReference; lastKnownFileType = image.png; path = "C4LogoiPad-Landscape.png"; sourceTree = "<group>"; };
		ED2517001443D68D005D5A7D /* C4LogoiPad-Portrait.png */ = {isa = PBXFileReference; lastKnownFileType = image.png; path = "C4LogoiPad-Portrait.png"; sourceTree = "<group>"; };
		ED3AF1551443EC74007DB652 /* C4String.h */ = {isa = PBXFileReference; fileEncoding = 4; lastKnownFileType = sourcecode.c.h; path = C4String.h; sourceTree = "<group>"; };
		ED3AF1561443EC74007DB652 /* C4String.m */ = {isa = PBXFileReference; fileEncoding = 4; lastKnownFileType = sourcecode.c.objc; path = C4String.m; sourceTree = "<group>"; };
		ED5E4AC21468B17E0065E77B /* inception.m4v */ = {isa = PBXFileReference; lastKnownFileType = file; path = inception.m4v; sourceTree = "<group>"; };
		ED5E4AC51468B3BF0065E77B /* CoreMedia.framework */ = {isa = PBXFileReference; lastKnownFileType = wrapper.framework; name = CoreMedia.framework; path = System/Library/Frameworks/CoreMedia.framework; sourceTree = SDKROOT; };
		ED6E43DD1446243C0092B047 /* Accelerate.framework */ = {isa = PBXFileReference; lastKnownFileType = wrapper.framework; name = Accelerate.framework; path = System/Library/Frameworks/Accelerate.framework; sourceTree = SDKROOT; };
		ED6E43E414464BAE0092B047 /* C4Image.h */ = {isa = PBXFileReference; fileEncoding = 4; lastKnownFileType = sourcecode.c.h; path = C4Image.h; sourceTree = "<group>"; };
		ED6E43E514464BAE0092B047 /* C4Image.m */ = {isa = PBXFileReference; fileEncoding = 4; lastKnownFileType = sourcecode.c.objc; path = C4Image.m; sourceTree = "<group>"; };
		ED6E43EB1446507B0092B047 /* CoreImage.framework */ = {isa = PBXFileReference; lastKnownFileType = wrapper.framework; name = CoreImage.framework; path = System/Library/Frameworks/CoreImage.framework; sourceTree = SDKROOT; };
		ED750C3D143F9D6C00D19FEF /* C4Window.h */ = {isa = PBXFileReference; fileEncoding = 4; lastKnownFileType = sourcecode.c.h; path = C4Window.h; sourceTree = "<group>"; };
		ED750C3E143F9D6C00D19FEF /* C4Window.m */ = {isa = PBXFileReference; fileEncoding = 4; lastKnownFileType = sourcecode.c.objc; path = C4Window.m; sourceTree = "<group>"; };
		ED750C41143F9E1700D19FEF /* C4Layer.h */ = {isa = PBXFileReference; fileEncoding = 4; lastKnownFileType = sourcecode.c.h; path = C4Layer.h; sourceTree = "<group>"; };
		ED750C42143F9E1700D19FEF /* C4Layer.m */ = {isa = PBXFileReference; fileEncoding = 4; lastKnownFileType = sourcecode.c.objc; path = C4Layer.m; sourceTree = "<group>"; };
		ED750C44143F9E3900D19FEF /* QuartzCore.framework */ = {isa = PBXFileReference; lastKnownFileType = wrapper.framework; name = QuartzCore.framework; path = System/Library/Frameworks/QuartzCore.framework; sourceTree = SDKROOT; };
		ED750C46143F9E6F00D19FEF /* C4Canvas.h */ = {isa = PBXFileReference; fileEncoding = 4; lastKnownFileType = sourcecode.c.h; path = C4Canvas.h; sourceTree = "<group>"; };
		ED750C47143F9E6F00D19FEF /* C4Canvas.m */ = {isa = PBXFileReference; fileEncoding = 4; lastKnownFileType = sourcecode.c.objc; path = C4Canvas.m; sourceTree = "<group>"; };
		ED750C49143F9FF300D19FEF /* C4Imports.h */ = {isa = PBXFileReference; fileEncoding = 4; lastKnownFileType = sourcecode.c.h; path = C4Imports.h; sourceTree = "<group>"; };
		ED750C4A143FA09500D19FEF /* C4Foundation.h */ = {isa = PBXFileReference; fileEncoding = 4; lastKnownFileType = sourcecode.c.h; path = C4Foundation.h; sourceTree = "<group>"; };
		ED750C4B143FA09500D19FEF /* C4Foundation.m */ = {isa = PBXFileReference; fileEncoding = 4; lastKnownFileType = sourcecode.c.objc; path = C4Foundation.m; sourceTree = "<group>"; };
		ED750C4D143FA10700D19FEF /* C4Object.h */ = {isa = PBXFileReference; fileEncoding = 4; lastKnownFileType = sourcecode.c.h; path = C4Object.h; sourceTree = "<group>"; };
		ED750C4E143FA10700D19FEF /* C4Object.m */ = {isa = PBXFileReference; fileEncoding = 4; lastKnownFileType = sourcecode.c.objc; path = C4Object.m; sourceTree = "<group>"; };
		ED750C50143FA16600D19FEF /* C4Color.h */ = {isa = PBXFileReference; fileEncoding = 4; lastKnownFileType = sourcecode.c.h; path = C4Color.h; sourceTree = "<group>"; };
		ED750C51143FA16600D19FEF /* C4Color.m */ = {isa = PBXFileReference; fileEncoding = 4; lastKnownFileType = sourcecode.c.objc; path = C4Color.m; sourceTree = "<group>"; };
		ED750C53143FA41000D19FEF /* C4Shape.h */ = {isa = PBXFileReference; fileEncoding = 4; lastKnownFileType = sourcecode.c.h; path = C4Shape.h; sourceTree = "<group>"; };
		ED750C54143FA41000D19FEF /* C4Shape.m */ = {isa = PBXFileReference; fileEncoding = 4; lastKnownFileType = sourcecode.c.objc; path = C4Shape.m; sourceTree = "<group>"; };
		ED750C56143FA43000D19FEF /* C4GlobalShapeAttributes.h */ = {isa = PBXFileReference; fileEncoding = 4; lastKnownFileType = sourcecode.c.h; path = C4GlobalShapeAttributes.h; sourceTree = "<group>"; };
		ED750C57143FA43100D19FEF /* C4GlobalShapeAttributes.m */ = {isa = PBXFileReference; fileEncoding = 4; lastKnownFileType = sourcecode.c.objc; path = C4GlobalShapeAttributes.m; sourceTree = "<group>"; };
		ED7C56C31444B86700B3C090 /* C4Font.h */ = {isa = PBXFileReference; fileEncoding = 4; lastKnownFileType = sourcecode.c.h; path = C4Font.h; sourceTree = "<group>"; };
		ED7C56C41444B86700B3C090 /* C4Font.m */ = {isa = PBXFileReference; fileEncoding = 4; lastKnownFileType = sourcecode.c.objc; path = C4Font.m; sourceTree = "<group>"; };
		ED7C9B6A144756520047B743 /* C4Math.h */ = {isa = PBXFileReference; fileEncoding = 4; lastKnownFileType = sourcecode.c.h; path = C4Math.h; sourceTree = "<group>"; };
		ED7C9B6B144756520047B743 /* C4Math.m */ = {isa = PBXFileReference; fileEncoding = 4; lastKnownFileType = sourcecode.c.objc; path = C4Math.m; sourceTree = "<group>"; };
		ED7C9B72144760440047B743 /* C4Vector.h */ = {isa = PBXFileReference; fileEncoding = 4; lastKnownFileType = sourcecode.c.h; path = C4Vector.h; sourceTree = "<group>"; };
		ED7C9B73144760440047B743 /* C4Vector.m */ = {isa = PBXFileReference; fileEncoding = 4; lastKnownFileType = sourcecode.c.objc; path = C4Vector.m; sourceTree = "<group>"; };
		ED7C9B7E14476DF00047B743 /* C4Loop.aif */ = {isa = PBXFileReference; lastKnownFileType = file; path = C4Loop.aif; sourceTree = "<group>"; };
		ED7C9B8014476E190047B743 /* C4Sound.h */ = {isa = PBXFileReference; fileEncoding = 4; lastKnownFileType = sourcecode.c.h; path = C4Sound.h; sourceTree = "<group>"; };
		ED7C9B8114476E190047B743 /* C4Sound.m */ = {isa = PBXFileReference; fileEncoding = 4; lastKnownFileType = sourcecode.c.objc; path = C4Sound.m; sourceTree = "<group>"; };
		ED7C9B86144770990047B743 /* AVFoundation.framework */ = {isa = PBXFileReference; lastKnownFileType = wrapper.framework; name = AVFoundation.framework; path = System/Library/Frameworks/AVFoundation.framework; sourceTree = SDKROOT; };
		ED7C9B88144770AC0047B743 /* AudioToolbox.framework */ = {isa = PBXFileReference; lastKnownFileType = wrapper.framework; name = AudioToolbox.framework; path = System/Library/Frameworks/AudioToolbox.framework; sourceTree = SDKROOT; };
		ED7C9B8D144797640047B743 /* C4AudioPlayer.h */ = {isa = PBXFileReference; fileEncoding = 4; lastKnownFileType = sourcecode.c.h; path = C4AudioPlayer.h; sourceTree = "<group>"; };
		ED7C9B8E144797650047B743 /* C4AudioPlayer.m */ = {isa = PBXFileReference; fileEncoding = 4; lastKnownFileType = sourcecode.c.objc; path = C4AudioPlayer.m; sourceTree = "<group>"; };
		ED9F5B8A143E4ACA00D869B3 /* C4iOSDevelopment.app */ = {isa = PBXFileReference; explicitFileType = wrapper.application; includeInIndex = 0; path = C4iOSDevelopment.app; sourceTree = BUILT_PRODUCTS_DIR; };
		ED9F5B8E143E4ACA00D869B3 /* UIKit.framework */ = {isa = PBXFileReference; lastKnownFileType = wrapper.framework; name = UIKit.framework; path = System/Library/Frameworks/UIKit.framework; sourceTree = SDKROOT; };
		ED9F5B90143E4ACA00D869B3 /* Foundation.framework */ = {isa = PBXFileReference; lastKnownFileType = wrapper.framework; name = Foundation.framework; path = System/Library/Frameworks/Foundation.framework; sourceTree = SDKROOT; };
		ED9F5B92143E4ACA00D869B3 /* CoreGraphics.framework */ = {isa = PBXFileReference; lastKnownFileType = wrapper.framework; name = CoreGraphics.framework; path = System/Library/Frameworks/CoreGraphics.framework; sourceTree = SDKROOT; };
		ED9F5B96143E4ACA00D869B3 /* C4iOSDevelopment-Info.plist */ = {isa = PBXFileReference; lastKnownFileType = text.plist.xml; path = "C4iOSDevelopment-Info.plist"; sourceTree = "<group>"; };
		ED9F5B98143E4ACA00D869B3 /* en */ = {isa = PBXFileReference; lastKnownFileType = text.plist.strings; name = en; path = en.lproj/InfoPlist.strings; sourceTree = "<group>"; };
		ED9F5B9A143E4ACA00D869B3 /* main.m */ = {isa = PBXFileReference; lastKnownFileType = sourcecode.c.objc; path = main.m; sourceTree = "<group>"; };
		ED9F5B9C143E4ACA00D869B3 /* C4iOSDevelopment-Prefix.pch */ = {isa = PBXFileReference; lastKnownFileType = sourcecode.c.h; path = "C4iOSDevelopment-Prefix.pch"; sourceTree = "<group>"; };
		ED9F5B9D143E4ACA00D869B3 /* C4iOSDevelopmentAppDelegate.h */ = {isa = PBXFileReference; lastKnownFileType = sourcecode.c.h; path = C4iOSDevelopmentAppDelegate.h; sourceTree = "<group>"; };
		ED9F5B9E143E4ACA00D869B3 /* C4iOSDevelopmentAppDelegate.m */ = {isa = PBXFileReference; lastKnownFileType = sourcecode.c.objc; path = C4iOSDevelopmentAppDelegate.m; sourceTree = "<group>"; };
		ED9F5BA0143E4ACA00D869B3 /* C4CanvasController.h */ = {isa = PBXFileReference; lastKnownFileType = sourcecode.c.h; path = C4CanvasController.h; sourceTree = "<group>"; };
		ED9F5BA1143E4ACA00D869B3 /* C4CanvasController.m */ = {isa = PBXFileReference; lastKnownFileType = sourcecode.c.objc; path = C4CanvasController.m; sourceTree = "<group>"; };
		ED9F5BA4143E4ACA00D869B3 /* en */ = {isa = PBXFileReference; lastKnownFileType = file.xib; name = en; path = en.lproj/C4CanvasController.xib; sourceTree = "<group>"; };
		ED9F5BBF143E5F7F00D869B3 /* C4LogoiPad-01.png */ = {isa = PBXFileReference; lastKnownFileType = image.png; path = "C4LogoiPad-01.png"; sourceTree = "<group>"; };
		ED9F5BC0143E5F7F00D869B3 /* C4LogoiPad-02.png */ = {isa = PBXFileReference; lastKnownFileType = image.png; path = "C4LogoiPad-02.png"; sourceTree = "<group>"; };
		ED9F5BC1143E5F7F00D869B3 /* C4LogoiPad-03.png */ = {isa = PBXFileReference; lastKnownFileType = image.png; path = "C4LogoiPad-03.png"; sourceTree = "<group>"; };
		ED9F5BC2143E5F7F00D869B3 /* C4LogoiPad-04.png */ = {isa = PBXFileReference; lastKnownFileType = image.png; path = "C4LogoiPad-04.png"; sourceTree = "<group>"; };
		ED9F5BC3143E5F7F00D869B3 /* C4LogoiPad-05.png */ = {isa = PBXFileReference; lastKnownFileType = image.png; path = "C4LogoiPad-05.png"; sourceTree = "<group>"; };
		ED9F5BC4143E5F7F00D869B3 /* C4LogoiPad-06.png */ = {isa = PBXFileReference; lastKnownFileType = image.png; path = "C4LogoiPad-06.png"; sourceTree = "<group>"; };
		ED9F5BC5143E5F7F00D869B3 /* C4LogoiPad-07.png */ = {isa = PBXFileReference; lastKnownFileType = image.png; path = "C4LogoiPad-07.png"; sourceTree = "<group>"; };
		ED9F5BC6143E5F7F00D869B3 /* C4LogoiPad-08.png */ = {isa = PBXFileReference; lastKnownFileType = image.png; path = "C4LogoiPad-08.png"; sourceTree = "<group>"; };
		EDA19C531442AC18007C6ACE /* C4GlobalStringAttributes.h */ = {isa = PBXFileReference; fileEncoding = 4; lastKnownFileType = sourcecode.c.h; path = C4GlobalStringAttributes.h; sourceTree = "<group>"; };
		EDA19C541442AC18007C6ACE /* C4GlobalStringAttributes.m */ = {isa = PBXFileReference; fileEncoding = 4; lastKnownFileType = sourcecode.c.objc; path = C4GlobalStringAttributes.m; sourceTree = "<group>"; };
		EDA19C561442ACAA007C6ACE /* C4GlobalTypeAttributes.h */ = {isa = PBXFileReference; fileEncoding = 4; lastKnownFileType = sourcecode.c.h; path = C4GlobalTypeAttributes.h; sourceTree = "<group>"; };
		EDA19C571442ACAA007C6ACE /* C4GlobalTypeAttributes.m */ = {isa = PBXFileReference; fileEncoding = 4; lastKnownFileType = sourcecode.c.objc; path = C4GlobalTypeAttributes.m; sourceTree = "<group>"; };
		EDA19C591442ADB1007C6ACE /* CoreText.framework */ = {isa = PBXFileReference; lastKnownFileType = wrapper.framework; name = CoreText.framework; path = System/Library/Frameworks/CoreText.framework; sourceTree = SDKROOT; };
		EDBB528114683EC700F9711B /* C4DateTime.h */ = {isa = PBXFileReference; fileEncoding = 4; lastKnownFileType = sourcecode.c.h; path = C4DateTime.h; sourceTree = "<group>"; };
		EDBB528214683EC700F9711B /* C4DateTime.m */ = {isa = PBXFileReference; fileEncoding = 4; lastKnownFileType = sourcecode.c.objc; path = C4DateTime.m; sourceTree = "<group>"; };
		EDFAB5161478D87900FAB075 /* C4VideoPlayer.h */ = {isa = PBXFileReference; fileEncoding = 4; lastKnownFileType = sourcecode.c.h; path = C4VideoPlayer.h; sourceTree = "<group>"; };
		EDFAB5171478D87900FAB075 /* C4VideoPlayer.m */ = {isa = PBXFileReference; fileEncoding = 4; lastKnownFileType = sourcecode.c.objc; path = C4VideoPlayer.m; sourceTree = "<group>"; };
		EDFAB51A1478D8CA00FAB075 /* C4VideoPlayerController.h */ = {isa = PBXFileReference; fileEncoding = 4; lastKnownFileType = sourcecode.c.h; path = C4VideoPlayerController.h; sourceTree = "<group>"; };
		EDFAB51B1478D8CA00FAB075 /* C4VideoPlayerController.m */ = {isa = PBXFileReference; fileEncoding = 4; lastKnownFileType = sourcecode.c.objc; path = C4VideoPlayerController.m; sourceTree = "<group>"; };
		EDFAB51D1478D8E600FAB075 /* C4VideoPlayerView.h */ = {isa = PBXFileReference; fileEncoding = 4; lastKnownFileType = sourcecode.c.h; path = C4VideoPlayerView.h; sourceTree = "<group>"; };
		EDFAB51E1478D8E600FAB075 /* C4VideoPlayerView.m */ = {isa = PBXFileReference; fileEncoding = 4; lastKnownFileType = sourcecode.c.objc; path = C4VideoPlayerView.m; sourceTree = "<group>"; };
		EDFAB5311479149500FAB075 /* C4Movie.h */ = {isa = PBXFileReference; fileEncoding = 4; lastKnownFileType = sourcecode.c.h; path = C4Movie.h; sourceTree = "<group>"; };
		EDFAB5321479149500FAB075 /* C4Movie.m */ = {isa = PBXFileReference; fileEncoding = 4; lastKnownFileType = sourcecode.c.objc; path = C4Movie.m; sourceTree = "<group>"; };
/* End PBXFileReference section */

/* Begin PBXFrameworksBuildPhase section */
		ED9F5B87143E4ACA00D869B3 /* Frameworks */ = {
			isa = PBXFrameworksBuildPhase;
			buildActionMask = 2147483647;
			files = (
				ED5E4AC61468B3BF0065E77B /* CoreMedia.framework in Frameworks */,
				ED7C9B89144770AC0047B743 /* AudioToolbox.framework in Frameworks */,
				ED7C9B871447709A0047B743 /* AVFoundation.framework in Frameworks */,
				ED6E43EC1446507B0092B047 /* CoreImage.framework in Frameworks */,
				ED6E43DE1446243C0092B047 /* Accelerate.framework in Frameworks */,
				EDA19C5A1442ADB1007C6ACE /* CoreText.framework in Frameworks */,
				ED750C45143F9E3900D19FEF /* QuartzCore.framework in Frameworks */,
				ED9F5B8F143E4ACA00D869B3 /* UIKit.framework in Frameworks */,
				ED9F5B91143E4ACA00D869B3 /* Foundation.framework in Frameworks */,
				ED9F5B93143E4ACA00D869B3 /* CoreGraphics.framework in Frameworks */,
			);
			runOnlyForDeploymentPostprocessing = 0;
		};
/* End PBXFrameworksBuildPhase section */

/* Begin PBXGroup section */
		ED1B7B921445F4DF00FA0B2C /* App */ = {
			isa = PBXGroup;
			children = (
				ED9F5B95143E4ACA00D869B3 /* Supporting Files */,
				ED1B7B951445F5EF00FA0B2C /* C4Defines.h */,
				ED750C49143F9FF300D19FEF /* C4Imports.h */,
				ED9F5B9D143E4ACA00D869B3 /* C4iOSDevelopmentAppDelegate.h */,
				ED9F5B9E143E4ACA00D869B3 /* C4iOSDevelopmentAppDelegate.m */,
				ED750C3D143F9D6C00D19FEF /* C4Window.h */,
				ED750C3E143F9D6C00D19FEF /* C4Window.m */,
				ED9F5BA3143E4ACA00D869B3 /* C4CanvasController.xib */,
			);
			name = App;
			sourceTree = "<group>";
		};
		ED1B7B941445F4EE00FA0B2C /* Source */ = {
			isa = PBXGroup;
			children = (
				ED7C9B8D144797640047B743 /* C4AudioPlayer.h */,
				ED7C9B8E144797650047B743 /* C4AudioPlayer.m */,
				ED750C46143F9E6F00D19FEF /* C4Canvas.h */,
				ED750C47143F9E6F00D19FEF /* C4Canvas.m */,
				ED750C50143FA16600D19FEF /* C4Color.h */,
				ED750C51143FA16600D19FEF /* C4Color.m */,
				EDBB528114683EC700F9711B /* C4DateTime.h */,
				EDBB528214683EC700F9711B /* C4DateTime.m */,
				ED7C56C31444B86700B3C090 /* C4Font.h */,
				ED7C56C41444B86700B3C090 /* C4Font.m */,
				ED750C4A143FA09500D19FEF /* C4Foundation.h */,
				ED750C4B143FA09500D19FEF /* C4Foundation.m */,
				ED750C56143FA43000D19FEF /* C4GlobalShapeAttributes.h */,
				ED750C57143FA43100D19FEF /* C4GlobalShapeAttributes.m */,
				EDA19C531442AC18007C6ACE /* C4GlobalStringAttributes.h */,
				EDA19C541442AC18007C6ACE /* C4GlobalStringAttributes.m */,
				EDA19C561442ACAA007C6ACE /* C4GlobalTypeAttributes.h */,
				EDA19C571442ACAA007C6ACE /* C4GlobalTypeAttributes.m */,
				ED6E43E414464BAE0092B047 /* C4Image.h */,
				ED6E43E514464BAE0092B047 /* C4Image.m */,
				ED750C41143F9E1700D19FEF /* C4Layer.h */,
				ED750C42143F9E1700D19FEF /* C4Layer.m */,
				ED7C9B6A144756520047B743 /* C4Math.h */,
				ED7C9B6B144756520047B743 /* C4Math.m */,
				EDFAB5311479149500FAB075 /* C4Movie.h */,
				EDFAB5321479149500FAB075 /* C4Movie.m */,
				EDFAB5161478D87900FAB075 /* C4VideoPlayer.h */,
				EDFAB5171478D87900FAB075 /* C4VideoPlayer.m */,
				EDFAB51A1478D8CA00FAB075 /* C4VideoPlayerController.h */,
				EDFAB51B1478D8CA00FAB075 /* C4VideoPlayerController.m */,
				EDFAB51D1478D8E600FAB075 /* C4VideoPlayerView.h */,
				EDFAB51E1478D8E600FAB075 /* C4VideoPlayerView.m */,
				ED750C4D143FA10700D19FEF /* C4Object.h */,
				ED750C4E143FA10700D19FEF /* C4Object.m */,
				ED750C53143FA41000D19FEF /* C4Shape.h */,
				ED750C54143FA41000D19FEF /* C4Shape.m */,
				ED7C9B8014476E190047B743 /* C4Sound.h */,
				ED7C9B8114476E190047B743 /* C4Sound.m */,
				ED3AF1551443EC74007DB652 /* C4String.h */,
				ED3AF1561443EC74007DB652 /* C4String.m */,
				ED2516EC14439265005D5A7D /* C4TextLayer.h */,
				ED2516ED14439265005D5A7D /* C4TextLayer.m */,
				ED7C9B72144760440047B743 /* C4Vector.h */,
				ED7C9B73144760440047B743 /* C4Vector.m */,
				ED21FEA31441538300A7ED16 /* UITouch+C4Touch.h */,
				ED21FEA41441538300A7ED16 /* UITouch+C4Touch.m */,
			);
			name = Source;
			sourceTree = "<group>";
		};
		ED9F5B7F143E4ACA00D869B3 = {
			isa = PBXGroup;
			children = (
				ED9F5B94143E4ACA00D869B3 /* C4iOSDevelopment */,
				ED9F5B8D143E4ACA00D869B3 /* Frameworks */,
				ED9F5B8B143E4ACA00D869B3 /* Products */,
			);
			sourceTree = "<group>";
		};
		ED9F5B8B143E4ACA00D869B3 /* Products */ = {
			isa = PBXGroup;
			children = (
				ED9F5B8A143E4ACA00D869B3 /* C4iOSDevelopment.app */,
			);
			name = Products;
			sourceTree = "<group>";
		};
		ED9F5B8D143E4ACA00D869B3 /* Frameworks */ = {
			isa = PBXGroup;
			children = (
				ED5E4AC51468B3BF0065E77B /* CoreMedia.framework */,
				ED7C9B88144770AC0047B743 /* AudioToolbox.framework */,
				ED7C9B86144770990047B743 /* AVFoundation.framework */,
				ED6E43DD1446243C0092B047 /* Accelerate.framework */,
				ED6E43EB1446507B0092B047 /* CoreImage.framework */,
				EDA19C591442ADB1007C6ACE /* CoreText.framework */,
				ED9F5B8E143E4ACA00D869B3 /* UIKit.framework */,
				ED9F5B90143E4ACA00D869B3 /* Foundation.framework */,
				ED9F5B92143E4ACA00D869B3 /* CoreGraphics.framework */,
				ED750C44143F9E3900D19FEF /* QuartzCore.framework */,
			);
			name = Frameworks;
			sourceTree = "<group>";
		};
		ED9F5B94143E4ACA00D869B3 /* C4iOSDevelopment */ = {
			isa = PBXGroup;
			children = (
				ED9F5BA0143E4ACA00D869B3 /* C4CanvasController.h */,
				ED9F5BA1143E4ACA00D869B3 /* C4CanvasController.m */,
				ED1B7B941445F4EE00FA0B2C /* Source */,
				ED1B7B921445F4DF00FA0B2C /* App */,
			);
			path = C4iOSDevelopment;
			sourceTree = "<group>";
		};
		ED9F5B95143E4ACA00D869B3 /* Supporting Files */ = {
			isa = PBXGroup;
			children = (
				ED5E4AC21468B17E0065E77B /* inception.m4v */,
				ED7C9B7E14476DF00047B743 /* C4Loop.aif */,
				ED9F5BBF143E5F7F00D869B3 /* C4LogoiPad-01.png */,
				ED9F5BC0143E5F7F00D869B3 /* C4LogoiPad-02.png */,
				ED9F5BC1143E5F7F00D869B3 /* C4LogoiPad-03.png */,
				ED9F5BC2143E5F7F00D869B3 /* C4LogoiPad-04.png */,
				ED9F5BC3143E5F7F00D869B3 /* C4LogoiPad-05.png */,
				ED9F5BC4143E5F7F00D869B3 /* C4LogoiPad-06.png */,
				ED9F5BC5143E5F7F00D869B3 /* C4LogoiPad-07.png */,
				ED9F5BC6143E5F7F00D869B3 /* C4LogoiPad-08.png */,
				ED2516FF1443D68C005D5A7D /* C4LogoiPad-Landscape.png */,
				ED2517001443D68D005D5A7D /* C4LogoiPad-Portrait.png */,
				ED9F5B96143E4ACA00D869B3 /* C4iOSDevelopment-Info.plist */,
				ED9F5B97143E4ACA00D869B3 /* InfoPlist.strings */,
				ED9F5B9A143E4ACA00D869B3 /* main.m */,
				ED9F5B9C143E4ACA00D869B3 /* C4iOSDevelopment-Prefix.pch */,
			);
			name = "Supporting Files";
			sourceTree = "<group>";
		};
/* End PBXGroup section */

/* Begin PBXNativeTarget section */
		ED9F5B89143E4ACA00D869B3 /* C4iOSDevelopment */ = {
			isa = PBXNativeTarget;
			buildConfigurationList = ED9F5BA8143E4ACA00D869B3 /* Build configuration list for PBXNativeTarget "C4iOSDevelopment" */;
			buildPhases = (
				ED9F5B86143E4ACA00D869B3 /* Sources */,
				ED9F5B87143E4ACA00D869B3 /* Frameworks */,
				ED9F5B88143E4ACA00D869B3 /* Resources */,
			);
			buildRules = (
			);
			dependencies = (
			);
			name = C4iOSDevelopment;
			productName = C4iOSDevelopment;
			productReference = ED9F5B8A143E4ACA00D869B3 /* C4iOSDevelopment.app */;
			productType = "com.apple.product-type.application";
		};
/* End PBXNativeTarget section */

/* Begin PBXProject section */
		ED9F5B81143E4ACA00D869B3 /* Project object */ = {
			isa = PBXProject;
			attributes = {
				LastUpgradeCheck = 0420;
				ORGANIZATIONNAME = mediart;
			};
			buildConfigurationList = ED9F5B84143E4ACA00D869B3 /* Build configuration list for PBXProject "C4iOSDevelopment" */;
			compatibilityVersion = "Xcode 3.2";
			developmentRegion = English;
			hasScannedForEncodings = 0;
			knownRegions = (
				en,
			);
			mainGroup = ED9F5B7F143E4ACA00D869B3;
			productRefGroup = ED9F5B8B143E4ACA00D869B3 /* Products */;
			projectDirPath = "";
			projectRoot = "";
			targets = (
				ED9F5B89143E4ACA00D869B3 /* C4iOSDevelopment */,
			);
		};
/* End PBXProject section */

/* Begin PBXResourcesBuildPhase section */
		ED9F5B88143E4ACA00D869B3 /* Resources */ = {
			isa = PBXResourcesBuildPhase;
			buildActionMask = 2147483647;
			files = (
				ED9F5B99143E4ACA00D869B3 /* InfoPlist.strings in Resources */,
				ED9F5BA5143E4ACA00D869B3 /* C4CanvasController.xib in Resources */,
				ED9F5BC9143E5F7F00D869B3 /* C4LogoiPad-01.png in Resources */,
				ED9F5BCA143E5F7F00D869B3 /* C4LogoiPad-02.png in Resources */,
				ED9F5BCB143E5F7F00D869B3 /* C4LogoiPad-03.png in Resources */,
				ED9F5BCC143E5F7F00D869B3 /* C4LogoiPad-04.png in Resources */,
				ED9F5BCD143E5F7F00D869B3 /* C4LogoiPad-05.png in Resources */,
				ED9F5BCE143E5F7F00D869B3 /* C4LogoiPad-06.png in Resources */,
				ED9F5BCF143E5F7F00D869B3 /* C4LogoiPad-07.png in Resources */,
				ED9F5BD0143E5F7F00D869B3 /* C4LogoiPad-08.png in Resources */,
				ED2517011443D68D005D5A7D /* C4LogoiPad-Landscape.png in Resources */,
				ED2517021443D68D005D5A7D /* C4LogoiPad-Portrait.png in Resources */,
				ED7C9B7F14476DF00047B743 /* C4Loop.aif in Resources */,
				ED5E4AC31468B17E0065E77B /* inception.m4v in Resources */,
			);
			runOnlyForDeploymentPostprocessing = 0;
		};
/* End PBXResourcesBuildPhase section */

/* Begin PBXSourcesBuildPhase section */
		ED9F5B86143E4ACA00D869B3 /* Sources */ = {
			isa = PBXSourcesBuildPhase;
			buildActionMask = 2147483647;
			files = (
				ED9F5B9B143E4ACA00D869B3 /* main.m in Sources */,
				ED9F5B9F143E4ACA00D869B3 /* C4iOSDevelopmentAppDelegate.m in Sources */,
				ED9F5BA2143E4ACA00D869B3 /* C4CanvasController.m in Sources */,
				ED750C3F143F9D6C00D19FEF /* C4Window.m in Sources */,
				ED750C43143F9E1700D19FEF /* C4Layer.m in Sources */,
				ED750C48143F9E6F00D19FEF /* C4Canvas.m in Sources */,
				ED750C4C143FA09500D19FEF /* C4Foundation.m in Sources */,
				ED750C4F143FA10700D19FEF /* C4Object.m in Sources */,
				ED750C52143FA16600D19FEF /* C4Color.m in Sources */,
				ED750C55143FA41100D19FEF /* C4Shape.m in Sources */,
				ED750C58143FA43100D19FEF /* C4GlobalShapeAttributes.m in Sources */,
				ED21FEA51441538300A7ED16 /* UITouch+C4Touch.m in Sources */,
				EDA19C551442AC18007C6ACE /* C4GlobalStringAttributes.m in Sources */,
				EDA19C581442ACAA007C6ACE /* C4GlobalTypeAttributes.m in Sources */,
				ED2516EE14439265005D5A7D /* C4TextLayer.m in Sources */,
				ED3AF1571443EC74007DB652 /* C4String.m in Sources */,
				ED7C56C51444B86700B3C090 /* C4Font.m in Sources */,
				ED6E43E614464BAE0092B047 /* C4Image.m in Sources */,
				ED7C9B6C144756520047B743 /* C4Math.m in Sources */,
				ED7C9B74144760440047B743 /* C4Vector.m in Sources */,
				ED7C9B8214476E1A0047B743 /* C4Sound.m in Sources */,
				ED7C9B8F144797670047B743 /* C4AudioPlayer.m in Sources */,
				EDBB528314683EC700F9711B /* C4DateTime.m in Sources */,
				EDFAB5181478D87900FAB075 /* C4VideoPlayer.m in Sources */,
				EDFAB51C1478D8CA00FAB075 /* C4VideoPlayerController.m in Sources */,
				EDFAB51F1478D8E600FAB075 /* C4VideoPlayerView.m in Sources */,
				EDFAB5331479149500FAB075 /* C4Movie.m in Sources */,
			);
			runOnlyForDeploymentPostprocessing = 0;
		};
/* End PBXSourcesBuildPhase section */

/* Begin PBXVariantGroup section */
		ED9F5B97143E4ACA00D869B3 /* InfoPlist.strings */ = {
			isa = PBXVariantGroup;
			children = (
				ED9F5B98143E4ACA00D869B3 /* en */,
			);
			name = InfoPlist.strings;
			sourceTree = "<group>";
		};
		ED9F5BA3143E4ACA00D869B3 /* C4CanvasController.xib */ = {
			isa = PBXVariantGroup;
			children = (
				ED9F5BA4143E4ACA00D869B3 /* en */,
			);
			name = C4CanvasController.xib;
			sourceTree = "<group>";
		};
/* End PBXVariantGroup section */

/* Begin XCBuildConfiguration section */
		ED9F5BA6143E4ACA00D869B3 /* Debug */ = {
			isa = XCBuildConfiguration;
			buildSettings = {
				ALWAYS_SEARCH_USER_PATHS = NO;
				ARCHS = "$(ARCHS_STANDARD_32_BIT)";
				CLANG_ENABLE_OBJC_ARC = YES;
				"CODE_SIGN_IDENTITY[sdk=iphoneos*]" = "iPhone Developer";
				COPY_PHASE_STRIP = NO;
				GCC_C_LANGUAGE_STANDARD = gnu99;
				GCC_DYNAMIC_NO_PIC = NO;
				GCC_OPTIMIZATION_LEVEL = 0;
				GCC_PREPROCESSOR_DEFINITIONS = (
					"DEBUG=1",
					"$(inherited)",
				);
				GCC_SYMBOLS_PRIVATE_EXTERN = NO;
				GCC_VERSION = com.apple.compilers.llvm.clang.1_0;
				GCC_WARN_ABOUT_MISSING_PROTOTYPES = YES;
				GCC_WARN_ABOUT_RETURN_TYPE = YES;
				GCC_WARN_UNUSED_VARIABLE = YES;
				IPHONEOS_DEPLOYMENT_TARGET = 5.0;
				SDKROOT = iphoneos;
				TARGETED_DEVICE_FAMILY = 2;
			};
			name = Debug;
		};
		ED9F5BA7143E4ACA00D869B3 /* Release */ = {
			isa = XCBuildConfiguration;
			buildSettings = {
				ALWAYS_SEARCH_USER_PATHS = NO;
				ARCHS = "$(ARCHS_STANDARD_32_BIT)";
				CLANG_ENABLE_OBJC_ARC = YES;
				"CODE_SIGN_IDENTITY[sdk=iphoneos*]" = "iPhone Developer";
				COPY_PHASE_STRIP = YES;
				GCC_C_LANGUAGE_STANDARD = gnu99;
				GCC_VERSION = com.apple.compilers.llvm.clang.1_0;
				GCC_WARN_ABOUT_MISSING_PROTOTYPES = YES;
				GCC_WARN_ABOUT_RETURN_TYPE = YES;
				GCC_WARN_UNUSED_VARIABLE = YES;
				IPHONEOS_DEPLOYMENT_TARGET = 5.0;
				OTHER_CFLAGS = "-DNS_BLOCK_ASSERTIONS=1";
				SDKROOT = iphoneos;
				TARGETED_DEVICE_FAMILY = 2;
				VALIDATE_PRODUCT = YES;
			};
			name = Release;
		};
		ED9F5BA9143E4ACA00D869B3 /* Debug */ = {
			isa = XCBuildConfiguration;
			buildSettings = {
				GCC_PRECOMPILE_PREFIX_HEADER = YES;
				GCC_PREFIX_HEADER = "C4iOSDevelopment/C4iOSDevelopment-Prefix.pch";
				INFOPLIST_FILE = "C4iOSDevelopment/C4iOSDevelopment-Info.plist";
				PRODUCT_NAME = "$(TARGET_NAME)";
				WRAPPER_EXTENSION = app;
			};
			name = Debug;
		};
		ED9F5BAA143E4ACA00D869B3 /* Release */ = {
			isa = XCBuildConfiguration;
			buildSettings = {
				GCC_PRECOMPILE_PREFIX_HEADER = YES;
				GCC_PREFIX_HEADER = "C4iOSDevelopment/C4iOSDevelopment-Prefix.pch";
				INFOPLIST_FILE = "C4iOSDevelopment/C4iOSDevelopment-Info.plist";
				PRODUCT_NAME = "$(TARGET_NAME)";
				WRAPPER_EXTENSION = app;
			};
			name = Release;
		};
/* End XCBuildConfiguration section */

/* Begin XCConfigurationList section */
		ED9F5B84143E4ACA00D869B3 /* Build configuration list for PBXProject "C4iOSDevelopment" */ = {
			isa = XCConfigurationList;
			buildConfigurations = (
				ED9F5BA6143E4ACA00D869B3 /* Debug */,
				ED9F5BA7143E4ACA00D869B3 /* Release */,
			);
			defaultConfigurationIsVisible = 0;
			defaultConfigurationName = Release;
		};
		ED9F5BA8143E4ACA00D869B3 /* Build configuration list for PBXNativeTarget "C4iOSDevelopment" */ = {
			isa = XCConfigurationList;
			buildConfigurations = (
				ED9F5BA9143E4ACA00D869B3 /* Debug */,
				ED9F5BAA143E4ACA00D869B3 /* Release */,
			);
			defaultConfigurationIsVisible = 0;
			defaultConfigurationName = Release;
		};
/* End XCConfigurationList section */
	};
	rootObject = ED9F5B81143E4ACA00D869B3 /* Project object */;
}
